
Microsoft Visual Studio Solution File, Format Version 12.00
# Visual Studio 15
VisualStudioVersion = 15.0.27004.2005
MinimumVisualStudioVersion = 10.0.40219.1
Project("{9092AA53-FB77-4645-B42D-1CCCA6BD08BD}") = "RESTSAMPLE", "RESTSAMPLE\RESTSAMPLE.njsproj", "{D1A793D8-BEC1-4FD4-AE22-CAE4498637CA}"
EndProject
Global
	GlobalSection(SolutionConfigurationPlatforms) = preSolution
		Debug|Any CPU = Debug|Any CPU
		Release|Any CPU = Release|Any CPU
	EndGlobalSection
	GlobalSection(ProjectConfigurationPlatforms) = postSolution
		{D1A793D8-BEC1-4FD4-AE22-CAE4498637CA}.Debug|Any CPU.ActiveCfg = Debug|Any CPU
		{D1A793D8-BEC1-4FD4-AE22-CAE4498637CA}.Debug|Any CPU.Build.0 = Debug|Any CPU
		{D1A793D8-BEC1-4FD4-AE22-CAE4498637CA}.Release|Any CPU.ActiveCfg = Release|Any CPU
		{D1A793D8-BEC1-4FD4-AE22-CAE4498637CA}.Release|Any CPU.Build.0 = Release|Any CPU
	EndGlobalSection
	GlobalSection(SolutionProperties) = preSolution
		HideSolutionNode = FALSE
	EndGlobalSection
	GlobalSection(ExtensibilityGlobals) = postSolution
		SolutionGuid = {69909395-F5E2-4869-BE82-29A126F6CEDB}
	EndGlobalSection
EndGlobal
